
Microsoft Visual Studio Solution File, Format Version 12.00
# Visual Studio 15
Project("{FAE04EC0-301F-11D3-BF4B-00C04F79EFBC}") = "Assembly-CSharp", "Assembly-CSharp.csproj", "{815E8483-14FE-8AC5-E328-2F05A3261FCA}"
EndProject
Global
	GlobalSection(SolutionConfigurationPlatforms) = preSolution
		Debug|Any CPU = Debug|Any CPU
		Release|Any CPU = Release|Any CPU
	EndGlobalSection
	GlobalSection(ProjectConfigurationPlatforms) = postSolution
		{815E8483-14FE-8AC5-E328-2F05A3261FCA}.Debug|Any CPU.ActiveCfg = Debug|Any CPU
		{815E8483-14FE-8AC5-E328-2F05A3261FCA}.Debug|Any CPU.Build.0 = Debug|Any CPU
		{815E8483-14FE-8AC5-E328-2F05A3261FCA}.Release|Any CPU.ActiveCfg = Release|Any CPU
		{815E8483-14FE-8AC5-E328-2F05A3261FCA}.Release|Any CPU.Build.0 = Release|Any CPU
	EndGlobalSection
	GlobalSection(SolutionProperties) = preSolution
		HideSolutionNode = FALSE
	EndGlobalSection
EndGlobal
